// !$*UTF8*$!
{
	archiveVersion = 1;
	classes = {
	};
	objectVersion = 50;
	objects = {

/* Begin PBXBuildFile section */
		2E7020CE24A7560600DAC8EA /* AppDelegate.swift in Sources */ = {isa = PBXBuildFile; fileRef = 2E7020CD24A7560600DAC8EA /* AppDelegate.swift */; };
		2E7020D024A7560600DAC8EA /* SceneDelegate.swift in Sources */ = {isa = PBXBuildFile; fileRef = 2E7020CF24A7560600DAC8EA /* SceneDelegate.swift */; };
		2E7020D224A7560600DAC8EA /* ContentView.swift in Sources */ = {isa = PBXBuildFile; fileRef = 2E7020D124A7560600DAC8EA /* ContentView.swift */; };
		2E7020D424A7560600DAC8EA /* Assets.xcassets in Resources */ = {isa = PBXBuildFile; fileRef = 2E7020D324A7560600DAC8EA /* Assets.xcassets */; };
		2E7020D724A7560600DAC8EA /* Preview Assets.xcassets in Resources */ = {isa = PBXBuildFile; fileRef = 2E7020D624A7560600DAC8EA /* Preview Assets.xcassets */; };
		2E7020DA24A7560600DAC8EA /* LaunchScreen.storyboard in Resources */ = {isa = PBXBuildFile; fileRef = 2E7020D824A7560600DAC8EA /* LaunchScreen.storyboard */; };
		2E7020E424A7623300DAC8EA /* Movie.swift in Sources */ = {isa = PBXBuildFile; fileRef = 2E7020E324A7623300DAC8EA /* Movie.swift */; };
		2E7020E824A7B58E00DAC8EA /* MovieRow.swift in Sources */ = {isa = PBXBuildFile; fileRef = 2E7020E724A7B58E00DAC8EA /* MovieRow.swift */; };
		2E7020EA24A7C8AA00DAC8EA /* MovieList.swift in Sources */ = {isa = PBXBuildFile; fileRef = 2E7020E924A7C8AA00DAC8EA /* MovieList.swift */; };
		2E7020EE24A7D4DE00DAC8EA /* MovieDetail.swift in Sources */ = {isa = PBXBuildFile; fileRef = 2E7020ED24A7D4DE00DAC8EA /* MovieDetail.swift */; };
		2E70210624A84DA800DAC8EA /* 87.png in Resources */ = {isa = PBXBuildFile; fileRef = 2E7020F324A84DA700DAC8EA /* 87.png */; };
		2E70210824A84DA800DAC8EA /* 72.png in Resources */ = {isa = PBXBuildFile; fileRef = 2E7020F524A84DA700DAC8EA /* 72.png */; };
		2E70210924A84DA800DAC8EA /* 29.png in Resources */ = {isa = PBXBuildFile; fileRef = 2E7020F624A84DA800DAC8EA /* 29.png */; };
		2E70210A24A84DA800DAC8EA /* 40.png in Resources */ = {isa = PBXBuildFile; fileRef = 2E7020F724A84DA800DAC8EA /* 40.png */; };
		2E70210B24A84DA800DAC8EA /* 58.png in Resources */ = {isa = PBXBuildFile; fileRef = 2E7020F824A84DA800DAC8EA /* 58.png */; };
		2E70210C24A84DA800DAC8EA /* 20.png in Resources */ = {isa = PBXBuildFile; fileRef = 2E7020F924A84DA800DAC8EA /* 20.png */; };
		2E70210D24A84DA800DAC8EA /* 80.png in Resources */ = {isa = PBXBuildFile; fileRef = 2E7020FA24A84DA800DAC8EA /* 80.png */; };
		2E70210E24A84DA800DAC8EA /* 100.png in Resources */ = {isa = PBXBuildFile; fileRef = 2E7020FB24A84DA800DAC8EA /* 100.png */; };
		2E70210F24A84DA800DAC8EA /* 50.png in Resources */ = {isa = PBXBuildFile; fileRef = 2E7020FC24A84DA800DAC8EA /* 50.png */; };
		2E70211024A84DA800DAC8EA /* 114.png in Resources */ = {isa = PBXBuildFile; fileRef = 2E7020FD24A84DA800DAC8EA /* 114.png */; };
		2E70211124A84DA800DAC8EA /* 120.png in Resources */ = {isa = PBXBuildFile; fileRef = 2E7020FE24A84DA800DAC8EA /* 120.png */; };
		2E70211224A84DA800DAC8EA /* 144.png in Resources */ = {isa = PBXBuildFile; fileRef = 2E7020FF24A84DA800DAC8EA /* 144.png */; };
		2E70211324A84DA800DAC8EA /* 152.png in Resources */ = {isa = PBXBuildFile; fileRef = 2E70210024A84DA800DAC8EA /* 152.png */; };
		2E70211424A84DA800DAC8EA /* 167.png in Resources */ = {isa = PBXBuildFile; fileRef = 2E70210124A84DA800DAC8EA /* 167.png */; };
		2E70211524A84DA800DAC8EA /* 60.png in Resources */ = {isa = PBXBuildFile; fileRef = 2E70210224A84DA800DAC8EA /* 60.png */; };
		2E70211624A84DA800DAC8EA /* 180.png in Resources */ = {isa = PBXBuildFile; fileRef = 2E70210324A84DA800DAC8EA /* 180.png */; };
		2E70211724A84DA800DAC8EA /* 57.png in Resources */ = {isa = PBXBuildFile; fileRef = 2E70210424A84DA800DAC8EA /* 57.png */; };
		2E70211824A84DA800DAC8EA /* 76.png in Resources */ = {isa = PBXBuildFile; fileRef = 2E70210524A84DA800DAC8EA /* 76.png */; };
/* End PBXBuildFile section */

/* Begin PBXFileReference section */
		2E7020CA24A7560600DAC8EA /* SearchMovie.app */ = {isa = PBXFileReference; explicitFileType = wrapper.application; includeInIndex = 0; path = SearchMovie.app; sourceTree = BUILT_PRODUCTS_DIR; };
		2E7020CD24A7560600DAC8EA /* AppDelegate.swift */ = {isa = PBXFileReference; lastKnownFileType = sourcecode.swift; path = AppDelegate.swift; sourceTree = "<group>"; };
		2E7020CF24A7560600DAC8EA /* SceneDelegate.swift */ = {isa = PBXFileReference; lastKnownFileType = sourcecode.swift; path = SceneDelegate.swift; sourceTree = "<group>"; };
		2E7020D124A7560600DAC8EA /* ContentView.swift */ = {isa = PBXFileReference; lastKnownFileType = sourcecode.swift; path = ContentView.swift; sourceTree = "<group>"; };
		2E7020D324A7560600DAC8EA /* Assets.xcassets */ = {isa = PBXFileReference; lastKnownFileType = folder.assetcatalog; path = Assets.xcassets; sourceTree = "<group>"; };
		2E7020D624A7560600DAC8EA /* Preview Assets.xcassets */ = {isa = PBXFileReference; lastKnownFileType = folder.assetcatalog; path = "Preview Assets.xcassets"; sourceTree = "<group>"; };
		2E7020D924A7560600DAC8EA /* Base */ = {isa = PBXFileReference; lastKnownFileType = file.storyboard; name = Base; path = Base.lproj/LaunchScreen.storyboard; sourceTree = "<group>"; };
		2E7020DB24A7560600DAC8EA /* Info.plist */ = {isa = PBXFileReference; lastKnownFileType = text.plist.xml; path = Info.plist; sourceTree = "<group>"; };
		2E7020E324A7623300DAC8EA /* Movie.swift */ = {isa = PBXFileReference; lastKnownFileType = sourcecode.swift; path = Movie.swift; sourceTree = "<group>"; };
		2E7020E724A7B58E00DAC8EA /* MovieRow.swift */ = {isa = PBXFileReference; lastKnownFileType = sourcecode.swift; path = MovieRow.swift; sourceTree = "<group>"; };
		2E7020E924A7C8AA00DAC8EA /* MovieList.swift */ = {isa = PBXFileReference; lastKnownFileType = sourcecode.swift; path = MovieList.swift; sourceTree = "<group>"; };
		2E7020ED24A7D4DE00DAC8EA /* MovieDetail.swift */ = {isa = PBXFileReference; lastKnownFileType = sourcecode.swift; path = MovieDetail.swift; sourceTree = "<group>"; };
		2E7020F324A84DA700DAC8EA /* 87.png */ = {isa = PBXFileReference; lastKnownFileType = image.png; name = 87.png; path = ../../../Downloads/AppIcons/Assets.xcassets/AppIcon.appiconset/87.png; sourceTree = "<group>"; };
		2E7020F524A84DA700DAC8EA /* 72.png */ = {isa = PBXFileReference; lastKnownFileType = image.png; name = 72.png; path = ../../../Downloads/AppIcons/Assets.xcassets/AppIcon.appiconset/72.png; sourceTree = "<group>"; };
		2E7020F624A84DA800DAC8EA /* 29.png */ = {isa = PBXFileReference; lastKnownFileType = image.png; name = 29.png; path = ../../../Downloads/AppIcons/Assets.xcassets/AppIcon.appiconset/29.png; sourceTree = "<group>"; };
		2E7020F724A84DA800DAC8EA /* 40.png */ = {isa = PBXFileReference; lastKnownFileType = image.png; name = 40.png; path = ../../../Downloads/AppIcons/Assets.xcassets/AppIcon.appiconset/40.png; sourceTree = "<group>"; };
		2E7020F824A84DA800DAC8EA /* 58.png */ = {isa = PBXFileReference; lastKnownFileType = image.png; name = 58.png; path = ../../../Downloads/AppIcons/Assets.xcassets/AppIcon.appiconset/58.png; sourceTree = "<group>"; };
		2E7020F924A84DA800DAC8EA /* 20.png */ = {isa = PBXFileReference; lastKnownFileType = image.png; name = 20.png; path = ../../../Downloads/AppIcons/Assets.xcassets/AppIcon.appiconset/20.png; sourceTree = "<group>"; };
		2E7020FA24A84DA800DAC8EA /* 80.png */ = {isa = PBXFileReference; lastKnownFileType = image.png; name = 80.png; path = ../../../Downloads/AppIcons/Assets.xcassets/AppIcon.appiconset/80.png; sourceTree = "<group>"; };
		2E7020FB24A84DA800DAC8EA /* 100.png */ = {isa = PBXFileReference; lastKnownFileType = image.png; name = 100.png; path = ../../../Downloads/AppIcons/Assets.xcassets/AppIcon.appiconset/100.png; sourceTree = "<group>"; };
		2E7020FC24A84DA800DAC8EA /* 50.png */ = {isa = PBXFileReference; lastKnownFileType = image.png; name = 50.png; path = ../../../Downloads/AppIcons/Assets.xcassets/AppIcon.appiconset/50.png; sourceTree = "<group>"; };
		2E7020FD24A84DA800DAC8EA /* 114.png */ = {isa = PBXFileReference; lastKnownFileType = image.png; name = 114.png; path = ../../../Downloads/AppIcons/Assets.xcassets/AppIcon.appiconset/114.png; sourceTree = "<group>"; };
		2E7020FE24A84DA800DAC8EA /* 120.png */ = {isa = PBXFileReference; lastKnownFileType = image.png; name = 120.png; path = ../../../Downloads/AppIcons/Assets.xcassets/AppIcon.appiconset/120.png; sourceTree = "<group>"; };
		2E7020FF24A84DA800DAC8EA /* 144.png */ = {isa = PBXFileReference; lastKnownFileType = image.png; name = 144.png; path = ../../../Downloads/AppIcons/Assets.xcassets/AppIcon.appiconset/144.png; sourceTree = "<group>"; };
		2E70210024A84DA800DAC8EA /* 152.png */ = {isa = PBXFileReference; lastKnownFileType = image.png; name = 152.png; path = ../../../Downloads/AppIcons/Assets.xcassets/AppIcon.appiconset/152.png; sourceTree = "<group>"; };
		2E70210124A84DA800DAC8EA /* 167.png */ = {isa = PBXFileReference; lastKnownFileType = image.png; name = 167.png; path = ../../../Downloads/AppIcons/Assets.xcassets/AppIcon.appiconset/167.png; sourceTree = "<group>"; };
		2E70210224A84DA800DAC8EA /* 60.png */ = {isa = PBXFileReference; lastKnownFileType = image.png; name = 60.png; path = ../../../Downloads/AppIcons/Assets.xcassets/AppIcon.appiconset/60.png; sourceTree = "<group>"; };
		2E70210324A84DA800DAC8EA /* 180.png */ = {isa = PBXFileReference; lastKnownFileType = image.png; name = 180.png; path = ../../../Downloads/AppIcons/Assets.xcassets/AppIcon.appiconset/180.png; sourceTree = "<group>"; };
		2E70210424A84DA800DAC8EA /* 57.png */ = {isa = PBXFileReference; lastKnownFileType = image.png; name = 57.png; path = ../../../Downloads/AppIcons/Assets.xcassets/AppIcon.appiconset/57.png; sourceTree = "<group>"; };
		2E70210524A84DA800DAC8EA /* 76.png */ = {isa = PBXFileReference; lastKnownFileType = image.png; name = 76.png; path = ../../../Downloads/AppIcons/Assets.xcassets/AppIcon.appiconset/76.png; sourceTree = "<group>"; };
/* End PBXFileReference section */

/* Begin PBXFrameworksBuildPhase section */
		2E7020C724A7560600DAC8EA /* Frameworks */ = {
			isa = PBXFrameworksBuildPhase;
			buildActionMask = 2147483647;
			files = (
			);
			runOnlyForDeploymentPostprocessing = 0;
		};
/* End PBXFrameworksBuildPhase section */

/* Begin PBXGroup section */
		2E7020C124A7560600DAC8EA = {
			isa = PBXGroup;
			children = (
				2E7020CC24A7560600DAC8EA /* SearchMovie */,
				2E7020CB24A7560600DAC8EA /* Products */,
				2E7020F124A84D6000DAC8EA /* Resources */,
			);
			sourceTree = "<group>";
		};
		2E7020CB24A7560600DAC8EA /* Products */ = {
			isa = PBXGroup;
			children = (
				2E7020CA24A7560600DAC8EA /* SearchMovie.app */,
			);
			name = Products;
			sourceTree = "<group>";
		};
		2E7020CC24A7560600DAC8EA /* SearchMovie */ = {
			isa = PBXGroup;
			children = (
				2E7020E324A7623300DAC8EA /* Movie.swift */,
				2E7020E924A7C8AA00DAC8EA /* MovieList.swift */,
				2E7020CF24A7560600DAC8EA /* SceneDelegate.swift */,
				2E7020CD24A7560600DAC8EA /* AppDelegate.swift */,
				2E7020ED24A7D4DE00DAC8EA /* MovieDetail.swift */,
				2E7020D124A7560600DAC8EA /* ContentView.swift */,
				2E7020E724A7B58E00DAC8EA /* MovieRow.swift */,
				2E7020D324A7560600DAC8EA /* Assets.xcassets */,
				2E7020D824A7560600DAC8EA /* LaunchScreen.storyboard */,
				2E7020DB24A7560600DAC8EA /* Info.plist */,
				2E7020D524A7560600DAC8EA /* Preview Content */,
			);
			path = SearchMovie;
			sourceTree = "<group>";
		};
		2E7020D524A7560600DAC8EA /* Preview Content */ = {
			isa = PBXGroup;
			children = (
				2E7020D624A7560600DAC8EA /* Preview Assets.xcassets */,
			);
			path = "Preview Content";
			sourceTree = "<group>";
		};
		2E7020F124A84D6000DAC8EA /* Resources */ = {
			isa = PBXGroup;
			children = (
				2E7020F924A84DA800DAC8EA /* 20.png */,
				2E7020F624A84DA800DAC8EA /* 29.png */,
				2E7020F724A84DA800DAC8EA /* 40.png */,
				2E7020FC24A84DA800DAC8EA /* 50.png */,
				2E70210424A84DA800DAC8EA /* 57.png */,
				2E7020F824A84DA800DAC8EA /* 58.png */,
				2E70210224A84DA800DAC8EA /* 60.png */,
				2E7020F524A84DA700DAC8EA /* 72.png */,
				2E70210524A84DA800DAC8EA /* 76.png */,
				2E7020FA24A84DA800DAC8EA /* 80.png */,
				2E7020F324A84DA700DAC8EA /* 87.png */,
				2E7020FB24A84DA800DAC8EA /* 100.png */,
				2E7020FD24A84DA800DAC8EA /* 114.png */,
				2E7020FE24A84DA800DAC8EA /* 120.png */,
				2E7020FF24A84DA800DAC8EA /* 144.png */,
				2E70210024A84DA800DAC8EA /* 152.png */,
				2E70210124A84DA800DAC8EA /* 167.png */,
				2E70210324A84DA800DAC8EA /* 180.png */,
			);
			path = Resources;
			sourceTree = "<group>";
		};
/* End PBXGroup section */

/* Begin PBXNativeTarget section */
		2E7020C924A7560600DAC8EA /* SearchMovie */ = {
			isa = PBXNativeTarget;
			buildConfigurationList = 2E7020DE24A7560600DAC8EA /* Build configuration list for PBXNativeTarget "SearchMovie" */;
			buildPhases = (
				2E7020C624A7560600DAC8EA /* Sources */,
				2E7020C724A7560600DAC8EA /* Frameworks */,
				2E7020C824A7560600DAC8EA /* Resources */,
			);
			buildRules = (
			);
			dependencies = (
			);
			name = SearchMovie;
			productName = SearchMovie;
			productReference = 2E7020CA24A7560600DAC8EA /* SearchMovie.app */;
			productType = "com.apple.product-type.application";
		};
/* End PBXNativeTarget section */

/* Begin PBXProject section */
		2E7020C224A7560600DAC8EA /* Project object */ = {
			isa = PBXProject;
			attributes = {
				LastSwiftUpdateCheck = 1130;
				LastUpgradeCheck = 1130;
				ORGANIZATIONNAME = zunda;
				TargetAttributes = {
					2E7020C924A7560600DAC8EA = {
						CreatedOnToolsVersion = 11.3.1;
						LastSwiftMigration = 1130;
					};
				};
			};
			buildConfigurationList = 2E7020C524A7560600DAC8EA /* Build configuration list for PBXProject "SearchMovie" */;
			compatibilityVersion = "Xcode 9.3";
			developmentRegion = en;
			hasScannedForEncodings = 0;
			knownRegions = (
				en,
				Base,
			);
			mainGroup = 2E7020C124A7560600DAC8EA;
			productRefGroup = 2E7020CB24A7560600DAC8EA /* Products */;
			projectDirPath = "";
			projectRoot = "";
			targets = (
				2E7020C924A7560600DAC8EA /* SearchMovie */,
			);
		};
/* End PBXProject section */

/* Begin PBXResourcesBuildPhase section */
		2E7020C824A7560600DAC8EA /* Resources */ = {
			isa = PBXResourcesBuildPhase;
			buildActionMask = 2147483647;
			files = (
				2E70211324A84DA800DAC8EA /* 152.png in Resources */,
				2E70211024A84DA800DAC8EA /* 114.png in Resources */,
				2E70211224A84DA800DAC8EA /* 144.png in Resources */,
				2E70210B24A84DA800DAC8EA /* 58.png in Resources */,
				2E70211824A84DA800DAC8EA /* 76.png in Resources */,
				2E70210C24A84DA800DAC8EA /* 20.png in Resources */,
				2E70210624A84DA800DAC8EA /* 87.png in Resources */,
				2E70210F24A84DA800DAC8EA /* 50.png in Resources */,
				2E7020DA24A7560600DAC8EA /* LaunchScreen.storyboard in Resources */,
				2E70211624A84DA800DAC8EA /* 180.png in Resources */,
				2E70210824A84DA800DAC8EA /* 72.png in Resources */,
				2E70211724A84DA800DAC8EA /* 57.png in Resources */,
				2E70210924A84DA800DAC8EA /* 29.png in Resources */,
				2E70211424A84DA800DAC8EA /* 167.png in Resources */,
				2E7020D724A7560600DAC8EA /* Preview Assets.xcassets in Resources */,
				2E70210E24A84DA800DAC8EA /* 100.png in Resources */,
				2E70211524A84DA800DAC8EA /* 60.png in Resources */,
				2E70210D24A84DA800DAC8EA /* 80.png in Resources */,
				2E70211124A84DA800DAC8EA /* 120.png in Resources */,
				2E7020D424A7560600DAC8EA /* Assets.xcassets in Resources */,
				2E70210A24A84DA800DAC8EA /* 40.png in Resources */,
			);
			runOnlyForDeploymentPostprocessing = 0;
		};
/* End PBXResourcesBuildPhase section */

/* Begin PBXSourcesBuildPhase section */
		2E7020C624A7560600DAC8EA /* Sources */ = {
			isa = PBXSourcesBuildPhase;
			buildActionMask = 2147483647;
			files = (
				2E7020EA24A7C8AA00DAC8EA /* MovieList.swift in Sources */,
				2E7020CE24A7560600DAC8EA /* AppDelegate.swift in Sources */,
				2E7020E824A7B58E00DAC8EA /* MovieRow.swift in Sources */,
				2E7020D024A7560600DAC8EA /* SceneDelegate.swift in Sources */,
				2E7020D224A7560600DAC8EA /* ContentView.swift in Sources */,
				2E7020E424A7623300DAC8EA /* Movie.swift in Sources */,
				2E7020EE24A7D4DE00DAC8EA /* MovieDetail.swift in Sources */,
			);
			runOnlyForDeploymentPostprocessing = 0;
		};
/* End PBXSourcesBuildPhase section */

/* Begin PBXVariantGroup section */
		2E7020D824A7560600DAC8EA /* LaunchScreen.storyboard */ = {
			isa = PBXVariantGroup;
			children = (
				2E7020D924A7560600DAC8EA /* Base */,
			);
			name = LaunchScreen.storyboard;
			sourceTree = "<group>";
		};
/* End PBXVariantGroup section */

/* Begin XCBuildConfiguration section */
		2E7020DC24A7560600DAC8EA /* Debug */ = {
			isa = XCBuildConfiguration;
			buildSettings = {
				ALWAYS_SEARCH_USER_PATHS = NO;
				CLANG_ANALYZER_NONNULL = YES;
				CLANG_ANALYZER_NUMBER_OBJECT_CONVERSION = YES_AGGRESSIVE;
				CLANG_CXX_LANGUAGE_STANDARD = "gnu++14";
				CLANG_CXX_LIBRARY = "libc++";
				CLANG_ENABLE_MODULES = YES;
				CLANG_ENABLE_OBJC_ARC = YES;
				CLANG_ENABLE_OBJC_WEAK = YES;
				CLANG_WARN_BLOCK_CAPTURE_AUTORELEASING = YES;
				CLANG_WARN_BOOL_CONVERSION = YES;
				CLANG_WARN_COMMA = YES;
				CLANG_WARN_CONSTANT_CONVERSION = YES;
				CLANG_WARN_DEPRECATED_OBJC_IMPLEMENTATIONS = YES;
				CLANG_WARN_DIRECT_OBJC_ISA_USAGE = YES_ERROR;
				CLANG_WARN_DOCUMENTATION_COMMENTS = YES;
				CLANG_WARN_EMPTY_BODY = YES;
				CLANG_WARN_ENUM_CONVERSION = YES;
				CLANG_WARN_INFINITE_RECURSION = YES;
				CLANG_WARN_INT_CONVERSION = YES;
				CLANG_WARN_NON_LITERAL_NULL_CONVERSION = YES;
				CLANG_WARN_OBJC_IMPLICIT_RETAIN_SELF = YES;
				CLANG_WARN_OBJC_LITERAL_CONVERSION = YES;
				CLANG_WARN_OBJC_ROOT_CLASS = YES_ERROR;
				CLANG_WARN_RANGE_LOOP_ANALYSIS = YES;
				CLANG_WARN_STRICT_PROTOTYPES = YES;
				CLANG_WARN_SUSPICIOUS_MOVE = YES;
				CLANG_WARN_UNGUARDED_AVAILABILITY = YES_AGGRESSIVE;
				CLANG_WARN_UNREACHABLE_CODE = YES;
				CLANG_WARN__DUPLICATE_METHOD_MATCH = YES;
				COPY_PHASE_STRIP = NO;
				DEBUG_INFORMATION_FORMAT = dwarf;
				ENABLE_STRICT_OBJC_MSGSEND = YES;
				ENABLE_TESTABILITY = YES;
				GCC_C_LANGUAGE_STANDARD = gnu11;
				GCC_DYNAMIC_NO_PIC = NO;
				GCC_NO_COMMON_BLOCKS = YES;
				GCC_OPTIMIZATION_LEVEL = 0;
				GCC_PREPROCESSOR_DEFINITIONS = (
					"DEBUG=1",
					"$(inherited)",
				);
				GCC_WARN_64_TO_32_BIT_CONVERSION = YES;
				GCC_WARN_ABOUT_RETURN_TYPE = YES_ERROR;
				GCC_WARN_UNDECLARED_SELECTOR = YES;
				GCC_WARN_UNINITIALIZED_AUTOS = YES_AGGRESSIVE;
				GCC_WARN_UNUSED_FUNCTION = YES;
				GCC_WARN_UNUSED_VARIABLE = YES;
				IPHONEOS_DEPLOYMENT_TARGET = 13.2;
				MTL_ENABLE_DEBUG_INFO = INCLUDE_SOURCE;
				MTL_FAST_MATH = YES;
				ONLY_ACTIVE_ARCH = YES;
				SDKROOT = iphoneos;
				SWIFT_ACTIVE_COMPILATION_CONDITIONS = DEBUG;
				SWIFT_OPTIMIZATION_LEVEL = "-Onone";
			};
			name = Debug;
		};
		2E7020DD24A7560600DAC8EA /* Release */ = {
			isa = XCBuildConfiguration;
			buildSettings = {
				ALWAYS_SEARCH_USER_PATHS = NO;
				CLANG_ANALYZER_NONNULL = YES;
				CLANG_ANALYZER_NUMBER_OBJECT_CONVERSION = YES_AGGRESSIVE;
				CLANG_CXX_LANGUAGE_STANDARD = "gnu++14";
				CLANG_CXX_LIBRARY = "libc++";
				CLANG_ENABLE_MODULES = YES;
				CLANG_ENABLE_OBJC_ARC = YES;
				CLANG_ENABLE_OBJC_WEAK = YES;
				CLANG_WARN_BLOCK_CAPTURE_AUTORELEASING = YES;
				CLANG_WARN_BOOL_CONVERSION = YES;
				CLANG_WARN_COMMA = YES;
				CLANG_WARN_CONSTANT_CONVERSION = YES;
				CLANG_WARN_DEPRECATED_OBJC_IMPLEMENTATIONS = YES;
				CLANG_WARN_DIRECT_OBJC_ISA_USAGE = YES_ERROR;
				CLANG_WARN_DOCUMENTATION_COMMENTS = YES;
				CLANG_WARN_EMPTY_BODY = YES;
				CLANG_WARN_ENUM_CONVERSION = YES;
				CLANG_WARN_INFINITE_RECURSION = YES;
				CLANG_WARN_INT_CONVERSION = YES;
				CLANG_WARN_NON_LITERAL_NULL_CONVERSION = YES;
				CLANG_WARN_OBJC_IMPLICIT_RETAIN_SELF = YES;
				CLANG_WARN_OBJC_LITERAL_CONVERSION = YES;
				CLANG_WARN_OBJC_ROOT_CLASS = YES_ERROR;
				CLANG_WARN_RANGE_LOOP_ANALYSIS = YES;
				CLANG_WARN_STRICT_PROTOTYPES = YES;
				CLANG_WARN_SUSPICIOUS_MOVE = YES;
				CLANG_WARN_UNGUARDED_AVAILABILITY = YES_AGGRESSIVE;
				CLANG_WARN_UNREACHABLE_CODE = YES;
				CLANG_WARN__DUPLICATE_METHOD_MATCH = YES;
				COPY_PHASE_STRIP = NO;
				DEBUG_INFORMATION_FORMAT = "dwarf-with-dsym";
				ENABLE_NS_ASSERTIONS = NO;
				ENABLE_STRICT_OBJC_MSGSEND = YES;
				GCC_C_LANGUAGE_STANDARD = gnu11;
				GCC_NO_COMMON_BLOCKS = YES;
				GCC_WARN_64_TO_32_BIT_CONVERSION = YES;
				GCC_WARN_ABOUT_RETURN_TYPE = YES_ERROR;
				GCC_WARN_UNDECLARED_SELECTOR = YES;
				GCC_WARN_UNINITIALIZED_AUTOS = YES_AGGRESSIVE;
				GCC_WARN_UNUSED_FUNCTION = YES;
				GCC_WARN_UNUSED_VARIABLE = YES;
				IPHONEOS_DEPLOYMENT_TARGET = 13.2;
				MTL_ENABLE_DEBUG_INFO = NO;
				MTL_FAST_MATH = YES;
				SDKROOT = iphoneos;
				SWIFT_COMPILATION_MODE = wholemodule;
				SWIFT_OPTIMIZATION_LEVEL = "-O";
				VALIDATE_PRODUCT = YES;
			};
			name = Release;
		};
		2E7020DF24A7560600DAC8EA /* Debug */ = {
			isa = XCBuildConfiguration;
			buildSettings = {
				ASSETCATALOG_COMPILER_APPICON_NAME = AppIcon;
				CLANG_ENABLE_MODULES = YES;
				CODE_SIGN_STYLE = Automatic;
				DEVELOPMENT_ASSET_PATHS = "\"SearchMovie/Preview Content\"";
				DEVELOPMENT_TEAM = 29WG4YH6FH;
				ENABLE_PREVIEWS = YES;
				INFOPLIST_FILE = SearchMovie/Info.plist;
				LD_RUNPATH_SEARCH_PATHS = (
					"$(inherited)",
					"@executable_path/Frameworks",
				);
				PRODUCT_BUNDLE_IDENTIFIER = com.zunda.SearchMovie;
				PRODUCT_NAME = "$(TARGET_NAME)";
				SWIFT_OPTIMIZATION_LEVEL = "-Onone";
				SWIFT_VERSION = 5.0;
				TARGETED_DEVICE_FAMILY = "1,2";
			};
			name = Debug;
		};
		2E7020E024A7560600DAC8EA /* Release */ = {
			isa = XCBuildConfiguration;
			buildSettings = {
				ASSETCATALOG_COMPILER_APPICON_NAME = AppIcon;
				CLANG_ENABLE_MODULES = YES;
				CODE_SIGN_STYLE = Automatic;
				DEVELOPMENT_ASSET_PATHS = "\"SearchMovie/Preview Content\"";
				DEVELOPMENT_TEAM = 29WG4YH6FH;
				ENABLE_PREVIEWS = YES;
				INFOPLIST_FILE = SearchMovie/Info.plist;
				LD_RUNPATH_SEARCH_PATHS = (
					"$(inherited)",
					"@executable_path/Frameworks",
				);
				PRODUCT_BUNDLE_IDENTIFIER = com.zunda.SearchMovie;
				PRODUCT_NAME = "$(TARGET_NAME)";
				SWIFT_VERSION = 5.0;
				TARGETED_DEVICE_FAMILY = "1,2";
			};
			name = Release;
		};
/* End XCBuildConfiguration section */

/* Begin XCConfigurationList section */
		2E7020C524A7560600DAC8EA /* Build configuration list for PBXProject "SearchMovie" */ = {
			isa = XCConfigurationList;
			buildConfigurations = (
				2E7020DC24A7560600DAC8EA /* Debug */,
				2E7020DD24A7560600DAC8EA /* Release */,
			);
			defaultConfigurationIsVisible = 0;
			defaultConfigurationName = Release;
		};
		2E7020DE24A7560600DAC8EA /* Build configuration list for PBXNativeTarget "SearchMovie" */ = {
			isa = XCConfigurationList;
			buildConfigurations = (
				2E7020DF24A7560600DAC8EA /* Debug */,
				2E7020E024A7560600DAC8EA /* Release */,
			);
			defaultConfigurationIsVisible = 0;
			defaultConfigurationName = Release;
		};
/* End XCConfigurationList section */
	};
	rootObject = 2E7020C224A7560600DAC8EA /* Project object */;
}
